
Microsoft Visual Studio Solution File, Format Version 12.00
# Visual Studio Version 16
VisualStudioVersion = 16.0.29613.14
MinimumVisualStudioVersion = 10.0.40219.1
Project("{FAE04EC0-301F-11D3-BF4B-00C04F79EFBC}") = "MetodosRetornarMasDeUnValor", "MetodosRetornarMasDeUnValor\MetodosRetornarMasDeUnValor.csproj", "{67BB1743-FA97-4517-8454-AEED18655ED5}"
EndProject
Global
	GlobalSection(SolutionConfigurationPlatforms) = preSolution
		Debug|Any CPU = Debug|Any CPU
		Release|Any CPU = Release|Any CPU
	EndGlobalSection
	GlobalSection(ProjectConfigurationPlatforms) = postSolution
		{67BB1743-FA97-4517-8454-AEED18655ED5}.Debug|Any CPU.ActiveCfg = Debug|Any CPU
		{67BB1743-FA97-4517-8454-AEED18655ED5}.Debug|Any CPU.Build.0 = Debug|Any CPU
		{67BB1743-FA97-4517-8454-AEED18655ED5}.Release|Any CPU.ActiveCfg = Release|Any CPU
		{67BB1743-FA97-4517-8454-AEED18655ED5}.Release|Any CPU.Build.0 = Release|Any CPU
	EndGlobalSection
	GlobalSection(SolutionProperties) = preSolution
		HideSolutionNode = FALSE
	EndGlobalSection
	GlobalSection(ExtensibilityGlobals) = postSolution
		SolutionGuid = {D6EA6593-1E6E-46A2-A129-F269B23D2773}
	EndGlobalSection
EndGlobal
